// !$*UTF8*$!
{
	archiveVersion = 1;
	classes = {
	};
	objectVersion = 48;
	objects = {

/* Begin PBXBuildFile section */
		39E755F1EC96259FB5D128F7 /* Pods_weather.framework in Frameworks */ = {isa = PBXBuildFile; fileRef = BF34FDC5E4DDD889B1AFE300 /* Pods_weather.framework */; };
		F54DC431201D463D00B82B48 /* Constants.swift in Sources */ = {isa = PBXBuildFile; fileRef = F54DC430201D463D00B82B48 /* Constants.swift */; };
		F54DC434201D46A500B82B48 /* CurrentWeather.swift in Sources */ = {isa = PBXBuildFile; fileRef = F54DC433201D46A500B82B48 /* CurrentWeather.swift */; };
		F54DC436201D46E500B82B48 /* ForecastWeather.swift in Sources */ = {isa = PBXBuildFile; fileRef = F54DC435201D46E500B82B48 /* ForecastWeather.swift */; };
		F54DC438201D473800B82B48 /* Coordinate.swift in Sources */ = {isa = PBXBuildFile; fileRef = F54DC437201D473800B82B48 /* Coordinate.swift */; };
		F54DC43A201D477200B82B48 /* OpenWeatherMapError.swift in Sources */ = {isa = PBXBuildFile; fileRef = F54DC439201D477200B82B48 /* OpenWeatherMapError.swift */; };
		F54DC43C201D492A00B82B48 /* WeatherTodayViewController.swift in Sources */ = {isa = PBXBuildFile; fileRef = F54DC43B201D492A00B82B48 /* WeatherTodayViewController.swift */; };
		F54DC43E201D503300B82B48 /* CurrentWeatherViewModel.swift in Sources */ = {isa = PBXBuildFile; fileRef = F54DC43D201D503300B82B48 /* CurrentWeatherViewModel.swift */; };
		F54DC440201D506D00B82B48 /* WeatherIcon.swift in Sources */ = {isa = PBXBuildFile; fileRef = F54DC43F201D506D00B82B48 /* WeatherIcon.swift */; };
		F54DC442201D51CF00B82B48 /* FirebaseDBProvider.swift in Sources */ = {isa = PBXBuildFile; fileRef = F54DC441201D51CF00B82B48 /* FirebaseDBProvider.swift */; };
		F54DC444201D560000B82B48 /* PermissionsViewController.swift in Sources */ = {isa = PBXBuildFile; fileRef = F54DC443201D560000B82B48 /* PermissionsViewController.swift */; };
		F54DC450201DE6E200B82B48 /* ForecastViewController.swift in Sources */ = {isa = PBXBuildFile; fileRef = F54DC44F201DE6E200B82B48 /* ForecastViewController.swift */; };
		F54DC452201DE72200B82B48 /* ForecastWeatherViewModel.swift in Sources */ = {isa = PBXBuildFile; fileRef = F54DC451201DE72200B82B48 /* ForecastWeatherViewModel.swift */; };
		F54DC454201DE7FD00B82B48 /* ForecastDayTableViewCell.swift in Sources */ = {isa = PBXBuildFile; fileRef = F54DC453201DE7FD00B82B48 /* ForecastDayTableViewCell.swift */; };
		F5B821F62015FB3900354411 /* AppDelegate.swift in Sources */ = {isa = PBXBuildFile; fileRef = F5B821F52015FB3900354411 /* AppDelegate.swift */; };
		F5B821FB2015FB3900354411 /* Main.storyboard in Resources */ = {isa = PBXBuildFile; fileRef = F5B821F92015FB3900354411 /* Main.storyboard */; };
		F5B821FD2015FB3900354411 /* Assets.xcassets in Resources */ = {isa = PBXBuildFile; fileRef = F5B821FC2015FB3900354411 /* Assets.xcassets */; };
		F5B822002015FB3900354411 /* LaunchScreen.storyboard in Resources */ = {isa = PBXBuildFile; fileRef = F5B821FE2015FB3900354411 /* LaunchScreen.storyboard */; };
		F5B8220B2015FB3900354411 /* weatherTests.swift in Sources */ = {isa = PBXBuildFile; fileRef = F5B8220A2015FB3900354411 /* weatherTests.swift */; };
		F5B822162015FB3900354411 /* weatherUITests.swift in Sources */ = {isa = PBXBuildFile; fileRef = F5B822152015FB3900354411 /* weatherUITests.swift */; };
		F5B82231201641BE00354411 /* OpenWeatherMapAPIClient.swift in Sources */ = {isa = PBXBuildFile; fileRef = F5B82230201641BE00354411 /* OpenWeatherMapAPIClient.swift */; };
/* End PBXBuildFile section */

/* Begin PBXContainerItemProxy section */
		F5B822072015FB3900354411 /* PBXContainerItemProxy */ = {
			isa = PBXContainerItemProxy;
			containerPortal = F5B821EA2015FB3900354411 /* Project object */;
			proxyType = 1;
			remoteGlobalIDString = F5B821F12015FB3900354411;
			remoteInfo = weather;
		};
		F5B822122015FB3900354411 /* PBXContainerItemProxy */ = {
			isa = PBXContainerItemProxy;
			containerPortal = F5B821EA2015FB3900354411 /* Project object */;
			proxyType = 1;
			remoteGlobalIDString = F5B821F12015FB3900354411;
			remoteInfo = weather;
		};
/* End PBXContainerItemProxy section */

/* Begin PBXFileReference section */
		16E1E71FE9FFB628776E98EA /* Pods-weather.debug.xcconfig */ = {isa = PBXFileReference; includeInIndex = 1; lastKnownFileType = text.xcconfig; name = "Pods-weather.debug.xcconfig"; path = "Pods/Target Support Files/Pods-weather/Pods-weather.debug.xcconfig"; sourceTree = "<group>"; };
		99E404CDBD4250D0372674D3 /* Pods-weather.release.xcconfig */ = {isa = PBXFileReference; includeInIndex = 1; lastKnownFileType = text.xcconfig; name = "Pods-weather.release.xcconfig"; path = "Pods/Target Support Files/Pods-weather/Pods-weather.release.xcconfig"; sourceTree = "<group>"; };
		BF34FDC5E4DDD889B1AFE300 /* Pods_weather.framework */ = {isa = PBXFileReference; explicitFileType = wrapper.framework; includeInIndex = 0; path = Pods_weather.framework; sourceTree = BUILT_PRODUCTS_DIR; };
		F54DC430201D463D00B82B48 /* Constants.swift */ = {isa = PBXFileReference; lastKnownFileType = sourcecode.swift; path = Constants.swift; sourceTree = "<group>"; };
		F54DC433201D46A500B82B48 /* CurrentWeather.swift */ = {isa = PBXFileReference; lastKnownFileType = sourcecode.swift; path = CurrentWeather.swift; sourceTree = "<group>"; };
		F54DC435201D46E500B82B48 /* ForecastWeather.swift */ = {isa = PBXFileReference; lastKnownFileType = sourcecode.swift; path = ForecastWeather.swift; sourceTree = "<group>"; };
		F54DC437201D473800B82B48 /* Coordinate.swift */ = {isa = PBXFileReference; lastKnownFileType = sourcecode.swift; path = Coordinate.swift; sourceTree = "<group>"; };
		F54DC439201D477200B82B48 /* OpenWeatherMapError.swift */ = {isa = PBXFileReference; lastKnownFileType = sourcecode.swift; path = OpenWeatherMapError.swift; sourceTree = "<group>"; };
		F54DC43B201D492A00B82B48 /* WeatherTodayViewController.swift */ = {isa = PBXFileReference; lastKnownFileType = sourcecode.swift; path = WeatherTodayViewController.swift; sourceTree = "<group>"; };
		F54DC43D201D503300B82B48 /* CurrentWeatherViewModel.swift */ = {isa = PBXFileReference; lastKnownFileType = sourcecode.swift; path = CurrentWeatherViewModel.swift; sourceTree = "<group>"; };
		F54DC43F201D506D00B82B48 /* WeatherIcon.swift */ = {isa = PBXFileReference; lastKnownFileType = sourcecode.swift; path = WeatherIcon.swift; sourceTree = "<group>"; };
		F54DC441201D51CF00B82B48 /* FirebaseDBProvider.swift */ = {isa = PBXFileReference; lastKnownFileType = sourcecode.swift; path = FirebaseDBProvider.swift; sourceTree = "<group>"; };
		F54DC443201D560000B82B48 /* PermissionsViewController.swift */ = {isa = PBXFileReference; lastKnownFileType = sourcecode.swift; path = PermissionsViewController.swift; sourceTree = "<group>"; };
		F54DC44F201DE6E200B82B48 /* ForecastViewController.swift */ = {isa = PBXFileReference; lastKnownFileType = sourcecode.swift; path = ForecastViewController.swift; sourceTree = "<group>"; };
		F54DC451201DE72200B82B48 /* ForecastWeatherViewModel.swift */ = {isa = PBXFileReference; lastKnownFileType = sourcecode.swift; path = ForecastWeatherViewModel.swift; sourceTree = "<group>"; };
		F54DC453201DE7FD00B82B48 /* ForecastDayTableViewCell.swift */ = {isa = PBXFileReference; lastKnownFileType = sourcecode.swift; path = ForecastDayTableViewCell.swift; sourceTree = "<group>"; };
		F5B821F22015FB3900354411 /* weather.app */ = {isa = PBXFileReference; explicitFileType = wrapper.application; includeInIndex = 0; path = weather.app; sourceTree = BUILT_PRODUCTS_DIR; };
		F5B821F52015FB3900354411 /* AppDelegate.swift */ = {isa = PBXFileReference; lastKnownFileType = sourcecode.swift; path = AppDelegate.swift; sourceTree = "<group>"; };
		F5B821FA2015FB3900354411 /* Base */ = {isa = PBXFileReference; lastKnownFileType = file.storyboard; name = Base; path = Base.lproj/Main.storyboard; sourceTree = "<group>"; };
		F5B821FC2015FB3900354411 /* Assets.xcassets */ = {isa = PBXFileReference; lastKnownFileType = folder.assetcatalog; path = Assets.xcassets; sourceTree = "<group>"; };
		F5B821FF2015FB3900354411 /* Base */ = {isa = PBXFileReference; lastKnownFileType = file.storyboard; name = Base; path = Base.lproj/LaunchScreen.storyboard; sourceTree = "<group>"; };
		F5B822012015FB3900354411 /* Info.plist */ = {isa = PBXFileReference; lastKnownFileType = text.plist.xml; path = Info.plist; sourceTree = "<group>"; };
		F5B822062015FB3900354411 /* weatherTests.xctest */ = {isa = PBXFileReference; explicitFileType = wrapper.cfbundle; includeInIndex = 0; path = weatherTests.xctest; sourceTree = BUILT_PRODUCTS_DIR; };
		F5B8220A2015FB3900354411 /* weatherTests.swift */ = {isa = PBXFileReference; lastKnownFileType = sourcecode.swift; path = weatherTests.swift; sourceTree = "<group>"; };
		F5B8220C2015FB3900354411 /* Info.plist */ = {isa = PBXFileReference; lastKnownFileType = text.plist.xml; path = Info.plist; sourceTree = "<group>"; };
		F5B822112015FB3900354411 /* weatherUITests.xctest */ = {isa = PBXFileReference; explicitFileType = wrapper.cfbundle; includeInIndex = 0; path = weatherUITests.xctest; sourceTree = BUILT_PRODUCTS_DIR; };
		F5B822152015FB3900354411 /* weatherUITests.swift */ = {isa = PBXFileReference; lastKnownFileType = sourcecode.swift; path = weatherUITests.swift; sourceTree = "<group>"; };
		F5B822172015FB3900354411 /* Info.plist */ = {isa = PBXFileReference; lastKnownFileType = text.plist.xml; path = Info.plist; sourceTree = "<group>"; };
		F5B82230201641BE00354411 /* OpenWeatherMapAPIClient.swift */ = {isa = PBXFileReference; lastKnownFileType = sourcecode.swift; path = OpenWeatherMapAPIClient.swift; sourceTree = "<group>"; };
/* End PBXFileReference section */

/* Begin PBXFrameworksBuildPhase section */
		F5B821EF2015FB3900354411 /* Frameworks */ = {
			isa = PBXFrameworksBuildPhase;
			buildActionMask = 2147483647;
			files = (
				39E755F1EC96259FB5D128F7 /* Pods_weather.framework in Frameworks */,
			);
			runOnlyForDeploymentPostprocessing = 0;
		};
		F5B822032015FB3900354411 /* Frameworks */ = {
			isa = PBXFrameworksBuildPhase;
			buildActionMask = 2147483647;
			files = (
			);
			runOnlyForDeploymentPostprocessing = 0;
		};
		F5B8220E2015FB3900354411 /* Frameworks */ = {
			isa = PBXFrameworksBuildPhase;
			buildActionMask = 2147483647;
			files = (
			);
			runOnlyForDeploymentPostprocessing = 0;
		};
/* End PBXFrameworksBuildPhase section */

/* Begin PBXGroup section */
		0E857AB202F9F64A0BC044E7 /* Pods */ = {
			isa = PBXGroup;
			children = (
				16E1E71FE9FFB628776E98EA /* Pods-weather.debug.xcconfig */,
				99E404CDBD4250D0372674D3 /* Pods-weather.release.xcconfig */,
			);
			name = Pods;
			sourceTree = "<group>";
		};
		8BD13ADF790CE28898BA1FF6 /* Frameworks */ = {
			isa = PBXGroup;
			children = (
				BF34FDC5E4DDD889B1AFE300 /* Pods_weather.framework */,
			);
			name = Frameworks;
			sourceTree = "<group>";
		};
		F54DC42F201D462200B82B48 /* Base */ = {
			isa = PBXGroup;
			children = (
				F54DC430201D463D00B82B48 /* Constants.swift */,
				F54DC441201D51CF00B82B48 /* FirebaseDBProvider.swift */,
			);
			path = Base;
			sourceTree = "<group>";
		};
		F54DC432201D468C00B82B48 /* Models */ = {
			isa = PBXGroup;
			children = (
				F54DC433201D46A500B82B48 /* CurrentWeather.swift */,
				F54DC435201D46E500B82B48 /* ForecastWeather.swift */,
				F54DC437201D473800B82B48 /* Coordinate.swift */,
				F54DC43D201D503300B82B48 /* CurrentWeatherViewModel.swift */,
				F54DC43F201D506D00B82B48 /* WeatherIcon.swift */,
				F54DC451201DE72200B82B48 /* ForecastWeatherViewModel.swift */,
			);
			path = Models;
			sourceTree = "<group>";
		};
		F54DC44E201DE69A00B82B48 /* ForecastController */ = {
			isa = PBXGroup;
			children = (
				F54DC44F201DE6E200B82B48 /* ForecastViewController.swift */,
				F54DC453201DE7FD00B82B48 /* ForecastDayTableViewCell.swift */,
			);
			name = ForecastController;
			path = "New Group";
			sourceTree = "<group>";
		};
		F5B821E92015FB3900354411 = {
			isa = PBXGroup;
			children = (
				F5B821F42015FB3900354411 /* weather */,
				F5B822092015FB3900354411 /* weatherTests */,
				F5B822142015FB3900354411 /* weatherUITests */,
				F5B821F32015FB3900354411 /* Products */,
				0E857AB202F9F64A0BC044E7 /* Pods */,
				8BD13ADF790CE28898BA1FF6 /* Frameworks */,
			);
			sourceTree = "<group>";
		};
		F5B821F32015FB3900354411 /* Products */ = {
			isa = PBXGroup;
			children = (
				F5B821F22015FB3900354411 /* weather.app */,
				F5B822062015FB3900354411 /* weatherTests.xctest */,
				F5B822112015FB3900354411 /* weatherUITests.xctest */,
			);
			name = Products;
			sourceTree = "<group>";
		};
		F5B821F42015FB3900354411 /* weather */ = {
			isa = PBXGroup;
			children = (
				F54DC432201D468C00B82B48 /* Models */,
				F54DC42F201D462200B82B48 /* Base */,
				F5B8222F2016419C00354411 /* API */,
				F5B822272015FCAC00354411 /* Controllers */,
				F5B822262015FC2700354411 /* WeatherDelegate */,
				F5B822252015FB8100354411 /* Views */,
				F5B821FC2015FB3900354411 /* Assets.xcassets */,
				F5B822012015FB3900354411 /* Info.plist */,
			);
			path = weather;
			sourceTree = "<group>";
		};
		F5B822092015FB3900354411 /* weatherTests */ = {
			isa = PBXGroup;
			children = (
				F5B8220A2015FB3900354411 /* weatherTests.swift */,
				F5B8220C2015FB3900354411 /* Info.plist */,
			);
			path = weatherTests;
			sourceTree = "<group>";
		};
		F5B822142015FB3900354411 /* weatherUITests */ = {
			isa = PBXGroup;
			children = (
				F5B822152015FB3900354411 /* weatherUITests.swift */,
				F5B822172015FB3900354411 /* Info.plist */,
			);
			path = weatherUITests;
			sourceTree = "<group>";
		};
		F5B822252015FB8100354411 /* Views */ = {
			isa = PBXGroup;
			children = (
				F5B821FE2015FB3900354411 /* LaunchScreen.storyboard */,
				F5B821F92015FB3900354411 /* Main.storyboard */,
			);
			path = Views;
			sourceTree = "<group>";
		};
		F5B822262015FC2700354411 /* WeatherDelegate */ = {
			isa = PBXGroup;
			children = (
				F5B821F52015FB3900354411 /* AppDelegate.swift */,
			);
			path = WeatherDelegate;
			sourceTree = "<group>";
		};
		F5B822272015FCAC00354411 /* Controllers */ = {
			isa = PBXGroup;
			children = (
				F54DC44E201DE69A00B82B48 /* ForecastController */,
				F54DC43B201D492A00B82B48 /* WeatherTodayViewController.swift */,
				F54DC443201D560000B82B48 /* PermissionsViewController.swift */,
			);
			path = Controllers;
			sourceTree = "<group>";
		};
		F5B8222F2016419C00354411 /* API */ = {
			isa = PBXGroup;
			children = (
				F5B82230201641BE00354411 /* OpenWeatherMapAPIClient.swift */,
				F54DC439201D477200B82B48 /* OpenWeatherMapError.swift */,
			);
			path = API;
			sourceTree = "<group>";
		};
/* End PBXGroup section */

/* Begin PBXNativeTarget section */
		F5B821F12015FB3900354411 /* weather */ = {
			isa = PBXNativeTarget;
			buildConfigurationList = F5B8221A2015FB3900354411 /* Build configuration list for PBXNativeTarget "weather" */;
			buildPhases = (
				3361F3019816951F699C029D /* [CP] Check Pods Manifest.lock */,
				F5B821EE2015FB3900354411 /* Sources */,
				F5B821EF2015FB3900354411 /* Frameworks */,
				F5B821F02015FB3900354411 /* Resources */,
				C7166786A4C4306D44589F39 /* [CP] Embed Pods Frameworks */,
				2B76A4213B56E381A71ACFDD /* [CP] Copy Pods Resources */,
			);
			buildRules = (
			);
			dependencies = (
			);
			name = weather;
			productName = weather;
			productReference = F5B821F22015FB3900354411 /* weather.app */;
			productType = "com.apple.product-type.application";
		};
		F5B822052015FB3900354411 /* weatherTests */ = {
			isa = PBXNativeTarget;
			buildConfigurationList = F5B8221D2015FB3900354411 /* Build configuration list for PBXNativeTarget "weatherTests" */;
			buildPhases = (
				F5B822022015FB3900354411 /* Sources */,
				F5B822032015FB3900354411 /* Frameworks */,
				F5B822042015FB3900354411 /* Resources */,
			);
			buildRules = (
			);
			dependencies = (
				F5B822082015FB3900354411 /* PBXTargetDependency */,
			);
			name = weatherTests;
			productName = weatherTests;
			productReference = F5B822062015FB3900354411 /* weatherTests.xctest */;
			productType = "com.apple.product-type.bundle.unit-test";
		};
		F5B822102015FB3900354411 /* weatherUITests */ = {
			isa = PBXNativeTarget;
			buildConfigurationList = F5B822202015FB3900354411 /* Build configuration list for PBXNativeTarget "weatherUITests" */;
			buildPhases = (
				F5B8220D2015FB3900354411 /* Sources */,
				F5B8220E2015FB3900354411 /* Frameworks */,
				F5B8220F2015FB3900354411 /* Resources */,
			);
			buildRules = (
			);
			dependencies = (
				F5B822132015FB3900354411 /* PBXTargetDependency */,
			);
			name = weatherUITests;
			productName = weatherUITests;
			productReference = F5B822112015FB3900354411 /* weatherUITests.xctest */;
			productType = "com.apple.product-type.bundle.ui-testing";
		};
/* End PBXNativeTarget section */

/* Begin PBXProject section */
		F5B821EA2015FB3900354411 /* Project object */ = {
			isa = PBXProject;
			attributes = {
				LastSwiftUpdateCheck = 0910;
				LastUpgradeCheck = 0910;
				ORGANIZATIONNAME = "Vo Thanh Tung";
				TargetAttributes = {
					F5B821F12015FB3900354411 = {
						CreatedOnToolsVersion = 9.1;
						ProvisioningStyle = Automatic;
					};
					F5B822052015FB3900354411 = {
						CreatedOnToolsVersion = 9.1;
						ProvisioningStyle = Automatic;
						TestTargetID = F5B821F12015FB3900354411;
					};
					F5B822102015FB3900354411 = {
						CreatedOnToolsVersion = 9.1;
						ProvisioningStyle = Automatic;
						TestTargetID = F5B821F12015FB3900354411;
					};
				};
			};
			buildConfigurationList = F5B821ED2015FB3900354411 /* Build configuration list for PBXProject "weather" */;
			compatibilityVersion = "Xcode 8.0";
			developmentRegion = en;
			hasScannedForEncodings = 0;
			knownRegions = (
				en,
				Base,
			);
			mainGroup = F5B821E92015FB3900354411;
			productRefGroup = F5B821F32015FB3900354411 /* Products */;
			projectDirPath = "";
			projectRoot = "";
			targets = (
				F5B821F12015FB3900354411 /* weather */,
				F5B822052015FB3900354411 /* weatherTests */,
				F5B822102015FB3900354411 /* weatherUITests */,
			);
		};
/* End PBXProject section */

/* Begin PBXResourcesBuildPhase section */
		F5B821F02015FB3900354411 /* Resources */ = {
			isa = PBXResourcesBuildPhase;
			buildActionMask = 2147483647;
			files = (
				F5B822002015FB3900354411 /* LaunchScreen.storyboard in Resources */,
				F5B821FD2015FB3900354411 /* Assets.xcassets in Resources */,
				F5B821FB2015FB3900354411 /* Main.storyboard in Resources */,
			);
			runOnlyForDeploymentPostprocessing = 0;
		};
		F5B822042015FB3900354411 /* Resources */ = {
			isa = PBXResourcesBuildPhase;
			buildActionMask = 2147483647;
			files = (
			);
			runOnlyForDeploymentPostprocessing = 0;
		};
		F5B8220F2015FB3900354411 /* Resources */ = {
			isa = PBXResourcesBuildPhase;
			buildActionMask = 2147483647;
			files = (
			);
			runOnlyForDeploymentPostprocessing = 0;
		};
/* End PBXResourcesBuildPhase section */

/* Begin PBXShellScriptBuildPhase section */
		2B76A4213B56E381A71ACFDD /* [CP] Copy Pods Resources */ = {
			isa = PBXShellScriptBuildPhase;
			buildActionMask = 2147483647;
			files = (
			);
			inputPaths = (
			);
			name = "[CP] Copy Pods Resources";
			outputPaths = (
			);
			runOnlyForDeploymentPostprocessing = 0;
			shellPath = /bin/sh;
			shellScript = "\"${SRCROOT}/Pods/Target Support Files/Pods-weather/Pods-weather-resources.sh\"\n";
			showEnvVarsInLog = 0;
		};
		3361F3019816951F699C029D /* [CP] Check Pods Manifest.lock */ = {
			isa = PBXShellScriptBuildPhase;
			buildActionMask = 2147483647;
			files = (
			);
			inputPaths = (
				"${PODS_PODFILE_DIR_PATH}/Podfile.lock",
				"${PODS_ROOT}/Manifest.lock",
			);
			name = "[CP] Check Pods Manifest.lock";
			outputPaths = (
				"$(DERIVED_FILE_DIR)/Pods-weather-checkManifestLockResult.txt",
			);
			runOnlyForDeploymentPostprocessing = 0;
			shellPath = /bin/sh;
			shellScript = "diff \"${PODS_PODFILE_DIR_PATH}/Podfile.lock\" \"${PODS_ROOT}/Manifest.lock\" > /dev/null\nif [ $? != 0 ] ; then\n    # print error to STDERR\n    echo \"error: The sandbox is not in sync with the Podfile.lock. Run 'pod install' or update your CocoaPods installation.\" >&2\n    exit 1\nfi\n# This output is used by Xcode 'outputs' to avoid re-running this script phase.\necho \"SUCCESS\" > \"${SCRIPT_OUTPUT_FILE_0}\"\n";
			showEnvVarsInLog = 0;
		};
		C7166786A4C4306D44589F39 /* [CP] Embed Pods Frameworks */ = {
			isa = PBXShellScriptBuildPhase;
			buildActionMask = 2147483647;
			files = (
			);
			inputPaths = (
				"${SRCROOT}/Pods/Target Support Files/Pods-weather/Pods-weather-frameworks.sh",
				"${BUILT_PRODUCTS_DIR}/Alamofire/Alamofire.framework",
				"${BUILT_PRODUCTS_DIR}/GoogleToolboxForMac/GoogleToolboxForMac.framework",
				"${BUILT_PRODUCTS_DIR}/nanopb/nanopb.framework",
			);
			name = "[CP] Embed Pods Frameworks";
			outputPaths = (
				"${TARGET_BUILD_DIR}/${FRAMEWORKS_FOLDER_PATH}/Alamofire.framework",
				"${TARGET_BUILD_DIR}/${FRAMEWORKS_FOLDER_PATH}/GoogleToolboxForMac.framework",
				"${TARGET_BUILD_DIR}/${FRAMEWORKS_FOLDER_PATH}/nanopb.framework",
			);
			runOnlyForDeploymentPostprocessing = 0;
			shellPath = /bin/sh;
			shellScript = "\"${SRCROOT}/Pods/Target Support Files/Pods-weather/Pods-weather-frameworks.sh\"\n";
			showEnvVarsInLog = 0;
		};
/* End PBXShellScriptBuildPhase section */

/* Begin PBXSourcesBuildPhase section */
		F5B821EE2015FB3900354411 /* Sources */ = {
			isa = PBXSourcesBuildPhase;
			buildActionMask = 2147483647;
			files = (
				F54DC431201D463D00B82B48 /* Constants.swift in Sources */,
				F54DC440201D506D00B82B48 /* WeatherIcon.swift in Sources */,
				F54DC43C201D492A00B82B48 /* WeatherTodayViewController.swift in Sources */,
				F54DC436201D46E500B82B48 /* ForecastWeather.swift in Sources */,
				F54DC438201D473800B82B48 /* Coordinate.swift in Sources */,
				F54DC444201D560000B82B48 /* PermissionsViewController.swift in Sources */,
				F5B82231201641BE00354411 /* OpenWeatherMapAPIClient.swift in Sources */,
				F54DC434201D46A500B82B48 /* CurrentWeather.swift in Sources */,
				F54DC43A201D477200B82B48 /* OpenWeatherMapError.swift in Sources */,
				F54DC454201DE7FD00B82B48 /* ForecastDayTableViewCell.swift in Sources */,
				F5B821F62015FB3900354411 /* AppDelegate.swift in Sources */,
				F54DC442201D51CF00B82B48 /* FirebaseDBProvider.swift in Sources */,
				F54DC450201DE6E200B82B48 /* ForecastViewController.swift in Sources */,
				F54DC452201DE72200B82B48 /* ForecastWeatherViewModel.swift in Sources */,
				F54DC43E201D503300B82B48 /* CurrentWeatherViewModel.swift in Sources */,
			);
			runOnlyForDeploymentPostprocessing = 0;
		};
		F5B822022015FB3900354411 /* Sources */ = {
			isa = PBXSourcesBuildPhase;
			buildActionMask = 2147483647;
			files = (
				F5B8220B2015FB3900354411 /* weatherTests.swift in Sources */,
			);
			runOnlyForDeploymentPostprocessing = 0;
		};
		F5B8220D2015FB3900354411 /* Sources */ = {
			isa = PBXSourcesBuildPhase;
			buildActionMask = 2147483647;
			files = (
				F5B822162015FB3900354411 /* weatherUITests.swift in Sources */,
			);
			runOnlyForDeploymentPostprocessing = 0;
		};
/* End PBXSourcesBuildPhase section */

/* Begin PBXTargetDependency section */
		F5B822082015FB3900354411 /* PBXTargetDependency */ = {
			isa = PBXTargetDependency;
			target = F5B821F12015FB3900354411 /* weather */;
			targetProxy = F5B822072015FB3900354411 /* PBXContainerItemProxy */;
		};
		F5B822132015FB3900354411 /* PBXTargetDependency */ = {
			isa = PBXTargetDependency;
			target = F5B821F12015FB3900354411 /* weather */;
			targetProxy = F5B822122015FB3900354411 /* PBXContainerItemProxy */;
		};
/* End PBXTargetDependency section */

/* Begin PBXVariantGroup section */
		F5B821F92015FB3900354411 /* Main.storyboard */ = {
			isa = PBXVariantGroup;
			children = (
				F5B821FA2015FB3900354411 /* Base */,
			);
			name = Main.storyboard;
			sourceTree = "<group>";
		};
		F5B821FE2015FB3900354411 /* LaunchScreen.storyboard */ = {
			isa = PBXVariantGroup;
			children = (
				F5B821FF2015FB3900354411 /* Base */,
			);
			name = LaunchScreen.storyboard;
			sourceTree = "<group>";
		};
/* End PBXVariantGroup section */

/* Begin XCBuildConfiguration section */
		F5B822182015FB3900354411 /* Debug */ = {
			isa = XCBuildConfiguration;
			buildSettings = {
				ALWAYS_SEARCH_USER_PATHS = NO;
				CLANG_ANALYZER_NONNULL = YES;
				CLANG_ANALYZER_NUMBER_OBJECT_CONVERSION = YES_AGGRESSIVE;
				CLANG_CXX_LANGUAGE_STANDARD = "gnu++14";
				CLANG_CXX_LIBRARY = "libc++";
				CLANG_ENABLE_MODULES = YES;
				CLANG_ENABLE_OBJC_ARC = YES;
				CLANG_WARN_BLOCK_CAPTURE_AUTORELEASING = YES;
				CLANG_WARN_BOOL_CONVERSION = YES;
				CLANG_WARN_COMMA = YES;
				CLANG_WARN_CONSTANT_CONVERSION = YES;
				CLANG_WARN_DIRECT_OBJC_ISA_USAGE = YES_ERROR;
				CLANG_WARN_DOCUMENTATION_COMMENTS = YES;
				CLANG_WARN_EMPTY_BODY = YES;
				CLANG_WARN_ENUM_CONVERSION = YES;
				CLANG_WARN_INFINITE_RECURSION = YES;
				CLANG_WARN_INT_CONVERSION = YES;
				CLANG_WARN_NON_LITERAL_NULL_CONVERSION = YES;
				CLANG_WARN_OBJC_LITERAL_CONVERSION = YES;
				CLANG_WARN_OBJC_ROOT_CLASS = YES_ERROR;
				CLANG_WARN_RANGE_LOOP_ANALYSIS = YES;
				CLANG_WARN_STRICT_PROTOTYPES = YES;
				CLANG_WARN_SUSPICIOUS_MOVE = YES;
				CLANG_WARN_UNGUARDED_AVAILABILITY = YES_AGGRESSIVE;
				CLANG_WARN_UNREACHABLE_CODE = YES;
				CLANG_WARN__DUPLICATE_METHOD_MATCH = YES;
				CODE_SIGN_IDENTITY = "iPhone Developer";
				COPY_PHASE_STRIP = NO;
				DEBUG_INFORMATION_FORMAT = dwarf;
				ENABLE_STRICT_OBJC_MSGSEND = YES;
				ENABLE_TESTABILITY = YES;
				GCC_C_LANGUAGE_STANDARD = gnu11;
				GCC_DYNAMIC_NO_PIC = NO;
				GCC_NO_COMMON_BLOCKS = YES;
				GCC_OPTIMIZATION_LEVEL = 0;
				GCC_PREPROCESSOR_DEFINITIONS = (
					"DEBUG=1",
					"$(inherited)",
				);
				GCC_WARN_64_TO_32_BIT_CONVERSION = YES;
				GCC_WARN_ABOUT_RETURN_TYPE = YES_ERROR;
				GCC_WARN_UNDECLARED_SELECTOR = YES;
				GCC_WARN_UNINITIALIZED_AUTOS = YES_AGGRESSIVE;
				GCC_WARN_UNUSED_FUNCTION = YES;
				GCC_WARN_UNUSED_VARIABLE = YES;
				IPHONEOS_DEPLOYMENT_TARGET = 11.1;
				MTL_ENABLE_DEBUG_INFO = YES;
				ONLY_ACTIVE_ARCH = YES;
				SDKROOT = iphoneos;
				SWIFT_ACTIVE_COMPILATION_CONDITIONS = DEBUG;
				SWIFT_OPTIMIZATION_LEVEL = "-Onone";
			};
			name = Debug;
		};
		F5B822192015FB3900354411 /* Release */ = {
			isa = XCBuildConfiguration;
			buildSettings = {
				ALWAYS_SEARCH_USER_PATHS = NO;
				CLANG_ANALYZER_NONNULL = YES;
				CLANG_ANALYZER_NUMBER_OBJECT_CONVERSION = YES_AGGRESSIVE;
				CLANG_CXX_LANGUAGE_STANDARD = "gnu++14";
				CLANG_CXX_LIBRARY = "libc++";
				CLANG_ENABLE_MODULES = YES;
				CLANG_ENABLE_OBJC_ARC = YES;
				CLANG_WARN_BLOCK_CAPTURE_AUTORELEASING = YES;
				CLANG_WARN_BOOL_CONVERSION = YES;
				CLANG_WARN_COMMA = YES;
				CLANG_WARN_CONSTANT_CONVERSION = YES;
				CLANG_WARN_DIRECT_OBJC_ISA_USAGE = YES_ERROR;
				CLANG_WARN_DOCUMENTATION_COMMENTS = YES;
				CLANG_WARN_EMPTY_BODY = YES;
				CLANG_WARN_ENUM_CONVERSION = YES;
				CLANG_WARN_INFINITE_RECURSION = YES;
				CLANG_WARN_INT_CONVERSION = YES;
				CLANG_WARN_NON_LITERAL_NULL_CONVERSION = YES;
				CLANG_WARN_OBJC_LITERAL_CONVERSION = YES;
				CLANG_WARN_OBJC_ROOT_CLASS = YES_ERROR;
				CLANG_WARN_RANGE_LOOP_ANALYSIS = YES;
				CLANG_WARN_STRICT_PROTOTYPES = YES;
				CLANG_WARN_SUSPICIOUS_MOVE = YES;
				CLANG_WARN_UNGUARDED_AVAILABILITY = YES_AGGRESSIVE;
				CLANG_WARN_UNREACHABLE_CODE = YES;
				CLANG_WARN__DUPLICATE_METHOD_MATCH = YES;
				CODE_SIGN_IDENTITY = "iPhone Developer";
				COPY_PHASE_STRIP = NO;
				DEBUG_INFORMATION_FORMAT = "dwarf-with-dsym";
				ENABLE_NS_ASSERTIONS = NO;
				ENABLE_STRICT_OBJC_MSGSEND = YES;
				GCC_C_LANGUAGE_STANDARD = gnu11;
				GCC_NO_COMMON_BLOCKS = YES;
				GCC_WARN_64_TO_32_BIT_CONVERSION = YES;
				GCC_WARN_ABOUT_RETURN_TYPE = YES_ERROR;
				GCC_WARN_UNDECLARED_SELECTOR = YES;
				GCC_WARN_UNINITIALIZED_AUTOS = YES_AGGRESSIVE;
				GCC_WARN_UNUSED_FUNCTION = YES;
				GCC_WARN_UNUSED_VARIABLE = YES;
				IPHONEOS_DEPLOYMENT_TARGET = 11.1;
				MTL_ENABLE_DEBUG_INFO = NO;
				SDKROOT = iphoneos;
				SWIFT_OPTIMIZATION_LEVEL = "-Owholemodule";
				VALIDATE_PRODUCT = YES;
			};
			name = Release;
		};
		F5B8221B2015FB3900354411 /* Debug */ = {
			isa = XCBuildConfiguration;
			baseConfigurationReference = 16E1E71FE9FFB628776E98EA /* Pods-weather.debug.xcconfig */;
			buildSettings = {
				ASSETCATALOG_COMPILER_APPICON_NAME = AppIcon;
				CODE_SIGN_STYLE = Automatic;
				INFOPLIST_FILE = weather/Info.plist;
				LD_RUNPATH_SEARCH_PATHS = "$(inherited) @executable_path/Frameworks";
				PRODUCT_BUNDLE_IDENTIFIER = example.com.weather;
				PRODUCT_NAME = "$(TARGET_NAME)";
				SWIFT_VERSION = 4.0;
				TARGETED_DEVICE_FAMILY = "1,2";
			};
			name = Debug;
		};
		F5B8221C2015FB3900354411 /* Release */ = {
			isa = XCBuildConfiguration;
			baseConfigurationReference = 99E404CDBD4250D0372674D3 /* Pods-weather.release.xcconfig */;
			buildSettings = {
				ASSETCATALOG_COMPILER_APPICON_NAME = AppIcon;
				CODE_SIGN_STYLE = Automatic;
				INFOPLIST_FILE = weather/Info.plist;
				LD_RUNPATH_SEARCH_PATHS = "$(inherited) @executable_path/Frameworks";
				PRODUCT_BUNDLE_IDENTIFIER = example.com.weather;
				PRODUCT_NAME = "$(TARGET_NAME)";
				SWIFT_VERSION = 4.0;
				TARGETED_DEVICE_FAMILY = "1,2";
			};
			name = Release;
		};
		F5B8221E2015FB3900354411 /* Debug */ = {
			isa = XCBuildConfiguration;
			buildSettings = {
				ALWAYS_EMBED_SWIFT_STANDARD_LIBRARIES = YES;
				BUNDLE_LOADER = "$(TEST_HOST)";
				CODE_SIGN_STYLE = Automatic;
				INFOPLIST_FILE = weatherTests/Info.plist;
				LD_RUNPATH_SEARCH_PATHS = "$(inherited) @executable_path/Frameworks @loader_path/Frameworks";
				PRODUCT_BUNDLE_IDENTIFIER = example.com.weatherTests;
				PRODUCT_NAME = "$(TARGET_NAME)";
				SWIFT_VERSION = 4.0;
				TARGETED_DEVICE_FAMILY = "1,2";
				TEST_HOST = "$(BUILT_PRODUCTS_DIR)/weather.app/weather";
			};
			name = Debug;
		};
		F5B8221F2015FB3900354411 /* Release */ = {
			isa = XCBuildConfiguration;
			buildSettings = {
				ALWAYS_EMBED_SWIFT_STANDARD_LIBRARIES = YES;
				BUNDLE_LOADER = "$(TEST_HOST)";
				CODE_SIGN_STYLE = Automatic;
				INFOPLIST_FILE = weatherTests/Info.plist;
				LD_RUNPATH_SEARCH_PATHS = "$(inherited) @executable_path/Frameworks @loader_path/Frameworks";
				PRODUCT_BUNDLE_IDENTIFIER = example.com.weatherTests;
				PRODUCT_NAME = "$(TARGET_NAME)";
				SWIFT_VERSION = 4.0;
				TARGETED_DEVICE_FAMILY = "1,2";
				TEST_HOST = "$(BUILT_PRODUCTS_DIR)/weather.app/weather";
			};
			name = Release;
		};
		F5B822212015FB3900354411 /* Debug */ = {
			isa = XCBuildConfiguration;
			buildSettings = {
				ALWAYS_EMBED_SWIFT_STANDARD_LIBRARIES = YES;
				CODE_SIGN_STYLE = Automatic;
				INFOPLIST_FILE = weatherUITests/Info.plist;
				LD_RUNPATH_SEARCH_PATHS = "$(inherited) @executable_path/Frameworks @loader_path/Frameworks";
				PRODUCT_BUNDLE_IDENTIFIER = example.com.weatherUITests;
				PRODUCT_NAME = "$(TARGET_NAME)";
				SWIFT_VERSION = 4.0;
				TARGETED_DEVICE_FAMILY = "1,2";
				TEST_TARGET_NAME = weather;
			};
			name = Debug;
		};
		F5B822222015FB3900354411 /* Release */ = {
			isa = XCBuildConfiguration;
			buildSettings = {
				ALWAYS_EMBED_SWIFT_STANDARD_LIBRARIES = YES;
				CODE_SIGN_STYLE = Automatic;
				INFOPLIST_FILE = weatherUITests/Info.plist;
				LD_RUNPATH_SEARCH_PATHS = "$(inherited) @executable_path/Frameworks @loader_path/Frameworks";
				PRODUCT_BUNDLE_IDENTIFIER = example.com.weatherUITests;
				PRODUCT_NAME = "$(TARGET_NAME)";
				SWIFT_VERSION = 4.0;
				TARGETED_DEVICE_FAMILY = "1,2";
				TEST_TARGET_NAME = weather;
			};
			name = Release;
		};
/* End XCBuildConfiguration section */

/* Begin XCConfigurationList section */
		F5B821ED2015FB3900354411 /* Build configuration list for PBXProject "weather" */ = {
			isa = XCConfigurationList;
			buildConfigurations = (
				F5B822182015FB3900354411 /* Debug */,
				F5B822192015FB3900354411 /* Release */,
			);
			defaultConfigurationIsVisible = 0;
			defaultConfigurationName = Release;
		};
		F5B8221A2015FB3900354411 /* Build configuration list for PBXNativeTarget "weather" */ = {
			isa = XCConfigurationList;
			buildConfigurations = (
				F5B8221B2015FB3900354411 /* Debug */,
				F5B8221C2015FB3900354411 /* Release */,
			);
			defaultConfigurationIsVisible = 0;
			defaultConfigurationName = Release;
		};
		F5B8221D2015FB3900354411 /* Build configuration list for PBXNativeTarget "weatherTests" */ = {
			isa = XCConfigurationList;
			buildConfigurations = (
				F5B8221E2015FB3900354411 /* Debug */,
				F5B8221F2015FB3900354411 /* Release */,
			);
			defaultConfigurationIsVisible = 0;
			defaultConfigurationName = Release;
		};
		F5B822202015FB3900354411 /* Build configuration list for PBXNativeTarget "weatherUITests" */ = {
			isa = XCConfigurationList;
			buildConfigurations = (
				F5B822212015FB3900354411 /* Debug */,
				F5B822222015FB3900354411 /* Release */,
			);
			defaultConfigurationIsVisible = 0;
			defaultConfigurationName = Release;
		};
/* End XCConfigurationList section */
	};
	rootObject = F5B821EA2015FB3900354411 /* Project object */;
}
